
Microsoft Visual Studio Solution File, Format Version 12.00
# Visual Studio Version 17
VisualStudioVersion = 17.7.34221.43
MinimumVisualStudioVersion = 10.0.40219.1
Project("{FAE04EC0-301F-11D3-BF4B-00C04F79EFBC}") = "DIO.Series", "DIO.Series\DIO.Series.csproj", "{CC9D109F-CF5C-45F5-949A-47468E64B39B}"
EndProject
Global
	GlobalSection(SolutionConfigurationPlatforms) = preSolution
		Debug|Any CPU = Debug|Any CPU
		Release|Any CPU = Release|Any CPU
	EndGlobalSection
	GlobalSection(ProjectConfigurationPlatforms) = postSolution
		{CC9D109F-CF5C-45F5-949A-47468E64B39B}.Debug|Any CPU.ActiveCfg = Debug|Any CPU
		{CC9D109F-CF5C-45F5-949A-47468E64B39B}.Debug|Any CPU.Build.0 = Debug|Any CPU
		{CC9D109F-CF5C-45F5-949A-47468E64B39B}.Release|Any CPU.ActiveCfg = Release|Any CPU
		{CC9D109F-CF5C-45F5-949A-47468E64B39B}.Release|Any CPU.Build.0 = Release|Any CPU
	EndGlobalSection
	GlobalSection(SolutionProperties) = preSolution
		HideSolutionNode = FALSE
	EndGlobalSection
	GlobalSection(ExtensibilityGlobals) = postSolution
		SolutionGuid = {7ABC0F2B-767F-4A6B-B6D6-6A938D5CDEDA}
	EndGlobalSection
EndGlobal
